
Microsoft Visual Studio Solution File, Format Version 12.00
# Visual Studio Version 17
VisualStudioVersion = 17.10.35013.160
MinimumVisualStudioVersion = 10.0.40219.1
Project("{FAE04EC0-301F-11D3-BF4B-00C04F79EFBC}") = "task-4", "task-4\task-4.csproj", "{DFB148EC-0ABE-49D2-8C1D-5D6BE19BF9A4}"
EndProject
Global
	GlobalSection(SolutionConfigurationPlatforms) = preSolution
		Debug|Any CPU = Debug|Any CPU
		Release|Any CPU = Release|Any CPU
	EndGlobalSection
	GlobalSection(ProjectConfigurationPlatforms) = postSolution
		{DFB148EC-0ABE-49D2-8C1D-5D6BE19BF9A4}.Debug|Any CPU.ActiveCfg = Debug|Any CPU
		{DFB148EC-0ABE-49D2-8C1D-5D6BE19BF9A4}.Debug|Any CPU.Build.0 = Debug|Any CPU
		{DFB148EC-0ABE-49D2-8C1D-5D6BE19BF9A4}.Release|Any CPU.ActiveCfg = Release|Any CPU
		{DFB148EC-0ABE-49D2-8C1D-5D6BE19BF9A4}.Release|Any CPU.Build.0 = Release|Any CPU
	EndGlobalSection
	GlobalSection(SolutionProperties) = preSolution
		HideSolutionNode = FALSE
	EndGlobalSection
	GlobalSection(ExtensibilityGlobals) = postSolution
		SolutionGuid = {6C21ADF1-E69B-46DA-B4CF-875D527A34B5}
	EndGlobalSection
EndGlobal
